
Microsoft Visual Studio Solution File, Format Version 12.00
# Visual Studio 2012
Project("{FAE04EC0-301F-11D3-BF4B-00C04F79EFBC}") = "Hanuman_Chalisa", "Hanuman_Chalisa\Hanuman_Chalisa.csproj", "{2CD0F865-6198-4C8A-80A5-8C62E997CBDB}"
EndProject
Project("{FAE04EC0-301F-11D3-BF4B-00C04F79EFBC}") = "MyAudioPlaybackAgent", "MyAudioPlaybackAgent\MyAudioPlaybackAgent.csproj", "{CEA08548-A5D5-4FEE-A8E7-ACCAD8BDCC36}"
EndProject
Global
	GlobalSection(SolutionConfigurationPlatforms) = preSolution
		Debug|Any CPU = Debug|Any CPU
		Debug|ARM = Debug|ARM
		Debug|x86 = Debug|x86
		Release|Any CPU = Release|Any CPU
		Release|ARM = Release|ARM
		Release|x86 = Release|x86
	EndGlobalSection
	GlobalSection(ProjectConfigurationPlatforms) = postSolution
		{2CD0F865-6198-4C8A-80A5-8C62E997CBDB}.Debug|Any CPU.ActiveCfg = Debug|Any CPU
		{2CD0F865-6198-4C8A-80A5-8C62E997CBDB}.Debug|Any CPU.Build.0 = Debug|Any CPU
		{2CD0F865-6198-4C8A-80A5-8C62E997CBDB}.Debug|Any CPU.Deploy.0 = Debug|Any CPU
		{2CD0F865-6198-4C8A-80A5-8C62E997CBDB}.Debug|ARM.ActiveCfg = Debug|ARM
		{2CD0F865-6198-4C8A-80A5-8C62E997CBDB}.Debug|ARM.Build.0 = Debug|ARM
		{2CD0F865-6198-4C8A-80A5-8C62E997CBDB}.Debug|ARM.Deploy.0 = Debug|ARM
		{2CD0F865-6198-4C8A-80A5-8C62E997CBDB}.Debug|x86.ActiveCfg = Debug|x86
		{2CD0F865-6198-4C8A-80A5-8C62E997CBDB}.Debug|x86.Build.0 = Debug|x86
		{2CD0F865-6198-4C8A-80A5-8C62E997CBDB}.Debug|x86.Deploy.0 = Debug|x86
		{2CD0F865-6198-4C8A-80A5-8C62E997CBDB}.Release|Any CPU.ActiveCfg = Release|Any CPU
		{2CD0F865-6198-4C8A-80A5-8C62E997CBDB}.Release|Any CPU.Build.0 = Release|Any CPU
		{2CD0F865-6198-4C8A-80A5-8C62E997CBDB}.Release|Any CPU.Deploy.0 = Release|Any CPU
		{2CD0F865-6198-4C8A-80A5-8C62E997CBDB}.Release|ARM.ActiveCfg = Release|ARM
		{2CD0F865-6198-4C8A-80A5-8C62E997CBDB}.Release|ARM.Build.0 = Release|ARM
		{2CD0F865-6198-4C8A-80A5-8C62E997CBDB}.Release|ARM.Deploy.0 = Release|ARM
		{2CD0F865-6198-4C8A-80A5-8C62E997CBDB}.Release|x86.ActiveCfg = Release|x86
		{2CD0F865-6198-4C8A-80A5-8C62E997CBDB}.Release|x86.Build.0 = Release|x86
		{2CD0F865-6198-4C8A-80A5-8C62E997CBDB}.Release|x86.Deploy.0 = Release|x86
		{CEA08548-A5D5-4FEE-A8E7-ACCAD8BDCC36}.Debug|Any CPU.ActiveCfg = Debug|Any CPU
		{CEA08548-A5D5-4FEE-A8E7-ACCAD8BDCC36}.Debug|Any CPU.Build.0 = Debug|Any CPU
		{CEA08548-A5D5-4FEE-A8E7-ACCAD8BDCC36}.Debug|ARM.ActiveCfg = Debug|ARM
		{CEA08548-A5D5-4FEE-A8E7-ACCAD8BDCC36}.Debug|ARM.Build.0 = Debug|ARM
		{CEA08548-A5D5-4FEE-A8E7-ACCAD8BDCC36}.Debug|x86.ActiveCfg = Debug|x86
		{CEA08548-A5D5-4FEE-A8E7-ACCAD8BDCC36}.Debug|x86.Build.0 = Debug|x86
		{CEA08548-A5D5-4FEE-A8E7-ACCAD8BDCC36}.Release|Any CPU.ActiveCfg = Release|Any CPU
		{CEA08548-A5D5-4FEE-A8E7-ACCAD8BDCC36}.Release|Any CPU.Build.0 = Release|Any CPU
		{CEA08548-A5D5-4FEE-A8E7-ACCAD8BDCC36}.Release|ARM.ActiveCfg = Release|ARM
		{CEA08548-A5D5-4FEE-A8E7-ACCAD8BDCC36}.Release|ARM.Build.0 = Release|ARM
		{CEA08548-A5D5-4FEE-A8E7-ACCAD8BDCC36}.Release|x86.ActiveCfg = Release|x86
		{CEA08548-A5D5-4FEE-A8E7-ACCAD8BDCC36}.Release|x86.Build.0 = Release|x86
	EndGlobalSection
	GlobalSection(SolutionProperties) = preSolution
		HideSolutionNode = FALSE
	EndGlobalSection
EndGlobal
